
Microsoft Visual Studio Solution File, Format Version 12.00
# Visual Studio 15
VisualStudioVersion = 15.0.28307.852
MinimumVisualStudioVersion = 10.0.40219.1
Project("{9A19103F-16F7-4668-BE54-9A1E7A4F7556}") = "API_Chat", "API_Chat\API_Chat.csproj", "{1FD5F9B3-B518-4780-9317-9C78732A857E}"
EndProject
Project("{FAE04EC0-301F-11D3-BF4B-00C04F79EFBC}") = "Utilidades", "Utilidades\Utilidades\Utilidades.csproj", "{9A0636F5-042C-4FD4-AB25-A4215503EA50}"
EndProject
Project("{FAE04EC0-301F-11D3-BF4B-00C04F79EFBC}") = "MVC_Chat", "MVC_Chat\MVC_Chat.csproj", "{27F18D6C-11A2-459E-8ED5-C15825600D82}"
EndProject
Global
	GlobalSection(SolutionConfigurationPlatforms) = preSolution
		Debug|Any CPU = Debug|Any CPU
		Release|Any CPU = Release|Any CPU
	EndGlobalSection
	GlobalSection(ProjectConfigurationPlatforms) = postSolution
		{1FD5F9B3-B518-4780-9317-9C78732A857E}.Debug|Any CPU.ActiveCfg = Debug|Any CPU
		{1FD5F9B3-B518-4780-9317-9C78732A857E}.Debug|Any CPU.Build.0 = Debug|Any CPU
		{1FD5F9B3-B518-4780-9317-9C78732A857E}.Release|Any CPU.ActiveCfg = Release|Any CPU
		{1FD5F9B3-B518-4780-9317-9C78732A857E}.Release|Any CPU.Build.0 = Release|Any CPU
		{9A0636F5-042C-4FD4-AB25-A4215503EA50}.Debug|Any CPU.ActiveCfg = Debug|Any CPU
		{9A0636F5-042C-4FD4-AB25-A4215503EA50}.Debug|Any CPU.Build.0 = Debug|Any CPU
		{9A0636F5-042C-4FD4-AB25-A4215503EA50}.Release|Any CPU.ActiveCfg = Release|Any CPU
		{9A0636F5-042C-4FD4-AB25-A4215503EA50}.Release|Any CPU.Build.0 = Release|Any CPU
		{27F18D6C-11A2-459E-8ED5-C15825600D82}.Debug|Any CPU.ActiveCfg = Debug|Any CPU
		{27F18D6C-11A2-459E-8ED5-C15825600D82}.Debug|Any CPU.Build.0 = Debug|Any CPU
		{27F18D6C-11A2-459E-8ED5-C15825600D82}.Release|Any CPU.ActiveCfg = Release|Any CPU
		{27F18D6C-11A2-459E-8ED5-C15825600D82}.Release|Any CPU.Build.0 = Release|Any CPU
	EndGlobalSection
	GlobalSection(SolutionProperties) = preSolution
		HideSolutionNode = FALSE
	EndGlobalSection
	GlobalSection(ExtensibilityGlobals) = postSolution
		SolutionGuid = {4DDCB044-CA13-4E6C-86B8-48BBA0BDD334}
	EndGlobalSection
EndGlobal
